// !$*UTF8*$!
{
	archiveVersion = 1;
	classes = {
	};
	objectVersion = 56;
	objects = {

/* Begin PBXBuildFile section */
		7B7153092B2E052D0056B305 /* CarDetailsSection.swift in Sources */ = {isa = PBXBuildFile; fileRef = 7B7153082B2E052D0056B305 /* CarDetailsSection.swift */; };
		7B71530B2B2E4F650056B305 /* CarDetailsCollectionView.swift in Sources */ = {isa = PBXBuildFile; fileRef = 7B71530A2B2E4F650056B305 /* CarDetailsCollectionView.swift */; };
		7B71530D2B2E4FD20056B305 /* CarDetailsCollectionViewCell.swift in Sources */ = {isa = PBXBuildFile; fileRef = 7B71530C2B2E4FD20056B305 /* CarDetailsCollectionViewCell.swift */; };
		7B7153102B30A9E10056B305 /* BuyImageButton.swift in Sources */ = {isa = PBXBuildFile; fileRef = 7B71530F2B30A9E10056B305 /* BuyImageButton.swift */; };
		7B7153352B30CB820056B305 /* TopImageButton.swift in Sources */ = {isa = PBXBuildFile; fileRef = 7B7153342B30CB820056B305 /* TopImageButton.swift */; };
		7BB651FD2B1E0C39003DB863 /* AppDelegate.swift in Sources */ = {isa = PBXBuildFile; fileRef = 7BB651FC2B1E0C39003DB863 /* AppDelegate.swift */; };
		7BB651FF2B1E0C39003DB863 /* SceneDelegate.swift in Sources */ = {isa = PBXBuildFile; fileRef = 7BB651FE2B1E0C39003DB863 /* SceneDelegate.swift */; };
		7BB652012B1E0C39003DB863 /* SearchViewController.swift in Sources */ = {isa = PBXBuildFile; fileRef = 7BB652002B1E0C39003DB863 /* SearchViewController.swift */; };
		7BB652042B1E0C39003DB863 /* Main.storyboard in Resources */ = {isa = PBXBuildFile; fileRef = 7BB652022B1E0C39003DB863 /* Main.storyboard */; };
		7BB652062B1E0C3A003DB863 /* Assets.xcassets in Resources */ = {isa = PBXBuildFile; fileRef = 7BB652052B1E0C3A003DB863 /* Assets.xcassets */; };
		7BB652092B1E0C3A003DB863 /* LaunchScreen.storyboard in Resources */ = {isa = PBXBuildFile; fileRef = 7BB652072B1E0C3A003DB863 /* LaunchScreen.storyboard */; };
		7BB652372B1E5C1B003DB863 /* TabBarController.swift in Sources */ = {isa = PBXBuildFile; fileRef = 7BB652362B1E5C1B003DB863 /* TabBarController.swift */; };
		7BB6523E2B1E5E36003DB863 /* SearchPresenter.swift in Sources */ = {isa = PBXBuildFile; fileRef = 7BB6523D2B1E5E36003DB863 /* SearchPresenter.swift */; };
		7BB652402B1E5E43003DB863 /* SearchBuilder.swift in Sources */ = {isa = PBXBuildFile; fileRef = 7BB6523F2B1E5E43003DB863 /* SearchBuilder.swift */; };
		7BB652432B1F693C003DB863 /* Icons.swift in Sources */ = {isa = PBXBuildFile; fileRef = 7BB652422B1F693C003DB863 /* Icons.swift */; };
		7BB652452B1F6B51003DB863 /* FavouriteViewController.swift in Sources */ = {isa = PBXBuildFile; fileRef = 7BB652442B1F6B51003DB863 /* FavouriteViewController.swift */; };
		7BB652472B1F6B63003DB863 /* AnnouncementViewController.swift in Sources */ = {isa = PBXBuildFile; fileRef = 7BB652462B1F6B63003DB863 /* AnnouncementViewController.swift */; };
		7BB652492B1F6B77003DB863 /* DialogViewController.swift in Sources */ = {isa = PBXBuildFile; fileRef = 7BB652482B1F6B77003DB863 /* DialogViewController.swift */; };
		7BB6524B2B1F6B85003DB863 /* OtherViewController.swift in Sources */ = {isa = PBXBuildFile; fileRef = 7BB6524A2B1F6B85003DB863 /* OtherViewController.swift */; };
		7BB652522B1F70EA003DB863 /* UIColor + Extensions.swift in Sources */ = {isa = PBXBuildFile; fileRef = 7BB652512B1F70EA003DB863 /* UIColor + Extensions.swift */; };
		7BB652542B1FB8B2003DB863 /* CatalogViewController.swift in Sources */ = {isa = PBXBuildFile; fileRef = 7BB652532B1FB8B2003DB863 /* CatalogViewController.swift */; };
		7BB652772B208512003DB863 /* CatalogBuilder.swift in Sources */ = {isa = PBXBuildFile; fileRef = 7BB652762B208512003DB863 /* CatalogBuilder.swift */; };
		7BB652792B208521003DB863 /* CatalogPresenter.swift in Sources */ = {isa = PBXBuildFile; fileRef = 7BB652782B208521003DB863 /* CatalogPresenter.swift */; };
		7BB6527B2B20919C003DB863 /* CarTableViewCell.swift in Sources */ = {isa = PBXBuildFile; fileRef = 7BB6527A2B20919C003DB863 /* CarTableViewCell.swift */; };
		7BB6527D2B2091D6003DB863 /* Car.swift in Sources */ = {isa = PBXBuildFile; fileRef = 7BB6527C2B2091D6003DB863 /* Car.swift */; };
		7BB6527F2B2091FC003DB863 /* BodyType.swift in Sources */ = {isa = PBXBuildFile; fileRef = 7BB6527E2B2091FC003DB863 /* BodyType.swift */; };
		7BB652832B20924B003DB863 /* EngineType.swift in Sources */ = {isa = PBXBuildFile; fileRef = 7BB652822B20924B003DB863 /* EngineType.swift */; };
		7BB652852B209304003DB863 /* SellStatus.swift in Sources */ = {isa = PBXBuildFile; fileRef = 7BB652842B209304003DB863 /* SellStatus.swift */; };
		7BB652872B2095A8003DB863 /* UIView + Extensions.swift in Sources */ = {isa = PBXBuildFile; fileRef = 7BB652862B2095A8003DB863 /* UIView + Extensions.swift */; };
		7BB652892B20C05C003DB863 /* UIButton + Extensions.swift in Sources */ = {isa = PBXBuildFile; fileRef = 7BB652882B20C05C003DB863 /* UIButton + Extensions.swift */; };
		7BB6528B2B21E08E003DB863 /* UILabel + Extensions.swift in Sources */ = {isa = PBXBuildFile; fileRef = 7BB6528A2B21E08E003DB863 /* UILabel + Extensions.swift */; };
		7BB6528E2B21E655003DB863 /* CarImagesCollectionView.swift in Sources */ = {isa = PBXBuildFile; fileRef = 7BB6528D2B21E654003DB863 /* CarImagesCollectionView.swift */; };
		7BB652902B2215CD003DB863 /* UINavigationController + Extensions.swift in Sources */ = {isa = PBXBuildFile; fileRef = 7BB6528F2B2215CD003DB863 /* UINavigationController + Extensions.swift */; };
		7BB652922B22740F003DB863 /* AnnouncementStatus.swift in Sources */ = {isa = PBXBuildFile; fileRef = 7BB652912B22740F003DB863 /* AnnouncementStatus.swift */; };
		7BB6529C2B23370D003DB863 /* UIImage + Extensions.swift in Sources */ = {isa = PBXBuildFile; fileRef = 7BB6529B2B23370D003DB863 /* UIImage + Extensions.swift */; };
		7BB652A32B23418E003DB863 /* IconView.swift in Sources */ = {isa = PBXBuildFile; fileRef = 7BB6529F2B23418E003DB863 /* IconView.swift */; };
		7BB652B22B2360A2003DB863 /* IconViewBuilder.swift in Sources */ = {isa = PBXBuildFile; fileRef = 7BB652B12B2360A2003DB863 /* IconViewBuilder.swift */; };
		7BB652B42B237EC4003DB863 /* IconViewConfiguration.swift in Sources */ = {isa = PBXBuildFile; fileRef = 7BB652B32B237EC4003DB863 /* IconViewConfiguration.swift */; };
		7BB652B72B24794D003DB863 /* BuyButton.swift in Sources */ = {isa = PBXBuildFile; fileRef = 7BB652B62B24794D003DB863 /* BuyButton.swift */; };
		7BB652BE2B24917F003DB863 /* CarImagesCollectionViewCell.swift in Sources */ = {isa = PBXBuildFile; fileRef = 7BB652BD2B24917E003DB863 /* CarImagesCollectionViewCell.swift */; };
		7BB652C02B24B1BD003DB863 /* UITabBarController + Extensions.swift in Sources */ = {isa = PBXBuildFile; fileRef = 7BB652BF2B24B1BD003DB863 /* UITabBarController + Extensions.swift */; };
		7BB652C32B25EAD8003DB863 /* Position.swift in Sources */ = {isa = PBXBuildFile; fileRef = 7BB652C22B25EAD8003DB863 /* Position.swift */; };
		7BB652C52B261189003DB863 /* IconButton.swift in Sources */ = {isa = PBXBuildFile; fileRef = 7BB652C42B261189003DB863 /* IconButton.swift */; };
		7BB652C72B261EEA003DB863 /* IconTextButton.swift in Sources */ = {isa = PBXBuildFile; fileRef = 7BB652C62B261EEA003DB863 /* IconTextButton.swift */; };
		7BB652EA2B29B119003DB863 /* CarDetailsViewController.swift in Sources */ = {isa = PBXBuildFile; fileRef = 7BB652E92B29B119003DB863 /* CarDetailsViewController.swift */; };
		7BB652EC2B2BAC01003DB863 /* CarDetailsPresenter.swift in Sources */ = {isa = PBXBuildFile; fileRef = 7BB652EB2B2BAC01003DB863 /* CarDetailsPresenter.swift */; };
		7BB652EE2B2BB002003DB863 /* CarDetailsBuilder.swift in Sources */ = {isa = PBXBuildFile; fileRef = 7BB652ED2B2BB002003DB863 /* CarDetailsBuilder.swift */; };
		7BB652F22B2CEE54003DB863 /* CarDetailsTableViewCell.swift in Sources */ = {isa = PBXBuildFile; fileRef = 7BB652F12B2CEE54003DB863 /* CarDetailsTableViewCell.swift */; };
/* End PBXBuildFile section */

/* Begin PBXFileReference section */
		7B7153082B2E052D0056B305 /* CarDetailsSection.swift */ = {isa = PBXFileReference; lastKnownFileType = sourcecode.swift; path = CarDetailsSection.swift; sourceTree = "<group>"; };
		7B71530A2B2E4F650056B305 /* CarDetailsCollectionView.swift */ = {isa = PBXFileReference; lastKnownFileType = sourcecode.swift; path = CarDetailsCollectionView.swift; sourceTree = "<group>"; };
		7B71530C2B2E4FD20056B305 /* CarDetailsCollectionViewCell.swift */ = {isa = PBXFileReference; lastKnownFileType = sourcecode.swift; path = CarDetailsCollectionViewCell.swift; sourceTree = "<group>"; };
		7B71530F2B30A9E10056B305 /* BuyImageButton.swift */ = {isa = PBXFileReference; lastKnownFileType = sourcecode.swift; path = BuyImageButton.swift; sourceTree = "<group>"; };
		7B7153342B30CB820056B305 /* TopImageButton.swift */ = {isa = PBXFileReference; lastKnownFileType = sourcecode.swift; path = TopImageButton.swift; sourceTree = "<group>"; };
		7BB651F92B1E0C39003DB863 /* AVBY.app */ = {isa = PBXFileReference; explicitFileType = wrapper.application; includeInIndex = 0; path = AVBY.app; sourceTree = BUILT_PRODUCTS_DIR; };
		7BB651FC2B1E0C39003DB863 /* AppDelegate.swift */ = {isa = PBXFileReference; lastKnownFileType = sourcecode.swift; path = AppDelegate.swift; sourceTree = "<group>"; };
		7BB651FE2B1E0C39003DB863 /* SceneDelegate.swift */ = {isa = PBXFileReference; lastKnownFileType = sourcecode.swift; path = SceneDelegate.swift; sourceTree = "<group>"; };
		7BB652002B1E0C39003DB863 /* SearchViewController.swift */ = {isa = PBXFileReference; lastKnownFileType = sourcecode.swift; path = SearchViewController.swift; sourceTree = "<group>"; };
		7BB652032B1E0C39003DB863 /* Base */ = {isa = PBXFileReference; lastKnownFileType = file.storyboard; name = Base; path = Base.lproj/Main.storyboard; sourceTree = "<group>"; };
		7BB652052B1E0C3A003DB863 /* Assets.xcassets */ = {isa = PBXFileReference; lastKnownFileType = folder.assetcatalog; path = Assets.xcassets; sourceTree = "<group>"; };
		7BB652082B1E0C3A003DB863 /* Base */ = {isa = PBXFileReference; lastKnownFileType = file.storyboard; name = Base; path = Base.lproj/LaunchScreen.storyboard; sourceTree = "<group>"; };
		7BB6520A2B1E0C3A003DB863 /* Info.plist */ = {isa = PBXFileReference; lastKnownFileType = text.plist.xml; path = Info.plist; sourceTree = "<group>"; };
		7BB652362B1E5C1B003DB863 /* TabBarController.swift */ = {isa = PBXFileReference; lastKnownFileType = sourcecode.swift; path = TabBarController.swift; sourceTree = "<group>"; };
		7BB6523D2B1E5E36003DB863 /* SearchPresenter.swift */ = {isa = PBXFileReference; lastKnownFileType = sourcecode.swift; path = SearchPresenter.swift; sourceTree = "<group>"; };
		7BB6523F2B1E5E43003DB863 /* SearchBuilder.swift */ = {isa = PBXFileReference; lastKnownFileType = sourcecode.swift; path = SearchBuilder.swift; sourceTree = "<group>"; };
		7BB652422B1F693C003DB863 /* Icons.swift */ = {isa = PBXFileReference; lastKnownFileType = sourcecode.swift; path = Icons.swift; sourceTree = "<group>"; };
		7BB652442B1F6B51003DB863 /* FavouriteViewController.swift */ = {isa = PBXFileReference; lastKnownFileType = sourcecode.swift; path = FavouriteViewController.swift; sourceTree = "<group>"; };
		7BB652462B1F6B63003DB863 /* AnnouncementViewController.swift */ = {isa = PBXFileReference; lastKnownFileType = sourcecode.swift; path = AnnouncementViewController.swift; sourceTree = "<group>"; };
		7BB652482B1F6B77003DB863 /* DialogViewController.swift */ = {isa = PBXFileReference; lastKnownFileType = sourcecode.swift; path = DialogViewController.swift; sourceTree = "<group>"; };
		7BB6524A2B1F6B85003DB863 /* OtherViewController.swift */ = {isa = PBXFileReference; lastKnownFileType = sourcecode.swift; path = OtherViewController.swift; sourceTree = "<group>"; };
		7BB652512B1F70EA003DB863 /* UIColor + Extensions.swift */ = {isa = PBXFileReference; lastKnownFileType = sourcecode.swift; path = "UIColor + Extensions.swift"; sourceTree = "<group>"; };
		7BB652532B1FB8B2003DB863 /* CatalogViewController.swift */ = {isa = PBXFileReference; lastKnownFileType = sourcecode.swift; path = CatalogViewController.swift; sourceTree = "<group>"; };
		7BB652762B208512003DB863 /* CatalogBuilder.swift */ = {isa = PBXFileReference; lastKnownFileType = sourcecode.swift; path = CatalogBuilder.swift; sourceTree = "<group>"; };
		7BB652782B208521003DB863 /* CatalogPresenter.swift */ = {isa = PBXFileReference; lastKnownFileType = sourcecode.swift; path = CatalogPresenter.swift; sourceTree = "<group>"; };
		7BB6527A2B20919C003DB863 /* CarTableViewCell.swift */ = {isa = PBXFileReference; lastKnownFileType = sourcecode.swift; path = CarTableViewCell.swift; sourceTree = "<group>"; };
		7BB6527C2B2091D6003DB863 /* Car.swift */ = {isa = PBXFileReference; lastKnownFileType = sourcecode.swift; path = Car.swift; sourceTree = "<group>"; };
		7BB6527E2B2091FC003DB863 /* BodyType.swift */ = {isa = PBXFileReference; lastKnownFileType = sourcecode.swift; path = BodyType.swift; sourceTree = "<group>"; };
		7BB652822B20924B003DB863 /* EngineType.swift */ = {isa = PBXFileReference; lastKnownFileType = sourcecode.swift; path = EngineType.swift; sourceTree = "<group>"; };
		7BB652842B209304003DB863 /* SellStatus.swift */ = {isa = PBXFileReference; lastKnownFileType = sourcecode.swift; path = SellStatus.swift; sourceTree = "<group>"; };
		7BB652862B2095A8003DB863 /* UIView + Extensions.swift */ = {isa = PBXFileReference; lastKnownFileType = sourcecode.swift; path = "UIView + Extensions.swift"; sourceTree = "<group>"; };
		7BB652882B20C05C003DB863 /* UIButton + Extensions.swift */ = {isa = PBXFileReference; lastKnownFileType = sourcecode.swift; path = "UIButton + Extensions.swift"; sourceTree = "<group>"; };
		7BB6528A2B21E08E003DB863 /* UILabel + Extensions.swift */ = {isa = PBXFileReference; lastKnownFileType = sourcecode.swift; path = "UILabel + Extensions.swift"; sourceTree = "<group>"; };
		7BB6528D2B21E654003DB863 /* CarImagesCollectionView.swift */ = {isa = PBXFileReference; lastKnownFileType = sourcecode.swift; path = CarImagesCollectionView.swift; sourceTree = "<group>"; };
		7BB6528F2B2215CD003DB863 /* UINavigationController + Extensions.swift */ = {isa = PBXFileReference; lastKnownFileType = sourcecode.swift; path = "UINavigationController + Extensions.swift"; sourceTree = "<group>"; };
		7BB652912B22740F003DB863 /* AnnouncementStatus.swift */ = {isa = PBXFileReference; lastKnownFileType = sourcecode.swift; path = AnnouncementStatus.swift; sourceTree = "<group>"; };
		7BB6529B2B23370D003DB863 /* UIImage + Extensions.swift */ = {isa = PBXFileReference; lastKnownFileType = sourcecode.swift; path = "UIImage + Extensions.swift"; sourceTree = "<group>"; };
		7BB6529F2B23418E003DB863 /* IconView.swift */ = {isa = PBXFileReference; lastKnownFileType = sourcecode.swift; path = IconView.swift; sourceTree = "<group>"; };
		7BB652B12B2360A2003DB863 /* IconViewBuilder.swift */ = {isa = PBXFileReference; lastKnownFileType = sourcecode.swift; path = IconViewBuilder.swift; sourceTree = "<group>"; };
		7BB652B32B237EC4003DB863 /* IconViewConfiguration.swift */ = {isa = PBXFileReference; lastKnownFileType = sourcecode.swift; path = IconViewConfiguration.swift; sourceTree = "<group>"; };
		7BB652B62B24794D003DB863 /* BuyButton.swift */ = {isa = PBXFileReference; lastKnownFileType = sourcecode.swift; path = BuyButton.swift; sourceTree = "<group>"; };
		7BB652BD2B24917E003DB863 /* CarImagesCollectionViewCell.swift */ = {isa = PBXFileReference; lastKnownFileType = sourcecode.swift; path = CarImagesCollectionViewCell.swift; sourceTree = "<group>"; };
		7BB652BF2B24B1BD003DB863 /* UITabBarController + Extensions.swift */ = {isa = PBXFileReference; lastKnownFileType = sourcecode.swift; path = "UITabBarController + Extensions.swift"; sourceTree = "<group>"; };
		7BB652C22B25EAD8003DB863 /* Position.swift */ = {isa = PBXFileReference; lastKnownFileType = sourcecode.swift; name = Position.swift; path = ../../../../Position.swift; sourceTree = "<group>"; };
		7BB652C42B261189003DB863 /* IconButton.swift */ = {isa = PBXFileReference; lastKnownFileType = sourcecode.swift; path = IconButton.swift; sourceTree = "<group>"; };
		7BB652C62B261EEA003DB863 /* IconTextButton.swift */ = {isa = PBXFileReference; lastKnownFileType = sourcecode.swift; path = IconTextButton.swift; sourceTree = "<group>"; };
		7BB652E92B29B119003DB863 /* CarDetailsViewController.swift */ = {isa = PBXFileReference; lastKnownFileType = sourcecode.swift; path = CarDetailsViewController.swift; sourceTree = "<group>"; };
		7BB652EB2B2BAC01003DB863 /* CarDetailsPresenter.swift */ = {isa = PBXFileReference; lastKnownFileType = sourcecode.swift; path = CarDetailsPresenter.swift; sourceTree = "<group>"; };
		7BB652ED2B2BB002003DB863 /* CarDetailsBuilder.swift */ = {isa = PBXFileReference; lastKnownFileType = sourcecode.swift; path = CarDetailsBuilder.swift; sourceTree = "<group>"; };
		7BB652F12B2CEE54003DB863 /* CarDetailsTableViewCell.swift */ = {isa = PBXFileReference; lastKnownFileType = sourcecode.swift; path = CarDetailsTableViewCell.swift; sourceTree = "<group>"; };
/* End PBXFileReference section */

/* Begin PBXFrameworksBuildPhase section */
		7BB651F62B1E0C39003DB863 /* Frameworks */ = {
			isa = PBXFrameworksBuildPhase;
			buildActionMask = 2147483647;
			files = (
			);
			runOnlyForDeploymentPostprocessing = 0;
		};
/* End PBXFrameworksBuildPhase section */

/* Begin PBXGroup section */
		7BB651F02B1E0C39003DB863 = {
			isa = PBXGroup;
			children = (
				7BB651FB2B1E0C39003DB863 /* AVBY */,
				7BB651FA2B1E0C39003DB863 /* Products */,
			);
			sourceTree = "<group>";
		};
		7BB651FA2B1E0C39003DB863 /* Products */ = {
			isa = PBXGroup;
			children = (
				7BB651F92B1E0C39003DB863 /* AVBY.app */,
			);
			name = Products;
			sourceTree = "<group>";
		};
		7BB651FB2B1E0C39003DB863 /* AVBY */ = {
			isa = PBXGroup;
			children = (
				7BB652812B209211003DB863 /* Common */,
				7BB652412B1F692B003DB863 /* Models */,
				7BB6523A2B1E5D06003DB863 /* View Controllers */,
				7BB652392B1E5CF6003DB863 /* Navigation */,
				7BB652382B1E5CC2003DB863 /* Resources */,
				7BB652022B1E0C39003DB863 /* Main.storyboard */,
				7BB652072B1E0C3A003DB863 /* LaunchScreen.storyboard */,
				7BB6520A2B1E0C3A003DB863 /* Info.plist */,
			);
			path = AVBY;
			sourceTree = "<group>";
		};
		7BB652382B1E5CC2003DB863 /* Resources */ = {
			isa = PBXGroup;
			children = (
				7BB651FC2B1E0C39003DB863 /* AppDelegate.swift */,
				7BB651FE2B1E0C39003DB863 /* SceneDelegate.swift */,
				7BB652052B1E0C3A003DB863 /* Assets.xcassets */,
			);
			path = Resources;
			sourceTree = "<group>";
		};
		7BB652392B1E5CF6003DB863 /* Navigation */ = {
			isa = PBXGroup;
			children = (
				7BB652362B1E5C1B003DB863 /* TabBarController.swift */,
			);
			path = Navigation;
			sourceTree = "<group>";
		};
		7BB6523A2B1E5D06003DB863 /* View Controllers */ = {
			isa = PBXGroup;
			children = (
				7BB6523B2B1E5D19003DB863 /* SearchViewController */,
				7BB6524C2B1F6B95003DB863 /* FavouriteViewController */,
				7BB6524D2B1F6B9E003DB863 /* AnnouncementViewController */,
				7BB6524E2B1F6BA9003DB863 /* DialogViewController */,
				7BB6524F2B1F6BAE003DB863 /* OtherViewController */,
			);
			path = "View Controllers";
			sourceTree = "<group>";
		};
		7BB6523B2B1E5D19003DB863 /* SearchViewController */ = {
			isa = PBXGroup;
			children = (
				7BB6523C2B1E5D9A003DB863 /* RootViewController */,
				7BB652552B1FB8B5003DB863 /* CatalogViewController */,
			);
			path = SearchViewController;
			sourceTree = "<group>";
		};
		7BB6523C2B1E5D9A003DB863 /* RootViewController */ = {
			isa = PBXGroup;
			children = (
				7BB652002B1E0C39003DB863 /* SearchViewController.swift */,
				7BB6523D2B1E5E36003DB863 /* SearchPresenter.swift */,
				7BB6523F2B1E5E43003DB863 /* SearchBuilder.swift */,
			);
			path = RootViewController;
			sourceTree = "<group>";
		};
		7BB652412B1F692B003DB863 /* Models */ = {
			isa = PBXGroup;
			children = (
				7BB652422B1F693C003DB863 /* Icons.swift */,
				7BB6527C2B2091D6003DB863 /* Car.swift */,
			);
			path = Models;
			sourceTree = "<group>";
		};
		7BB6524C2B1F6B95003DB863 /* FavouriteViewController */ = {
			isa = PBXGroup;
			children = (
				7BB652442B1F6B51003DB863 /* FavouriteViewController.swift */,
			);
			path = FavouriteViewController;
			sourceTree = "<group>";
		};
		7BB6524D2B1F6B9E003DB863 /* AnnouncementViewController */ = {
			isa = PBXGroup;
			children = (
				7BB652462B1F6B63003DB863 /* AnnouncementViewController.swift */,
			);
			path = AnnouncementViewController;
			sourceTree = "<group>";
		};
		7BB6524E2B1F6BA9003DB863 /* DialogViewController */ = {
			isa = PBXGroup;
			children = (
				7BB652482B1F6B77003DB863 /* DialogViewController.swift */,
			);
			path = DialogViewController;
			sourceTree = "<group>";
		};
		7BB6524F2B1F6BAE003DB863 /* OtherViewController */ = {
			isa = PBXGroup;
			children = (
				7BB6524A2B1F6B85003DB863 /* OtherViewController.swift */,
			);
			path = OtherViewController;
			sourceTree = "<group>";
		};
		7BB652502B1F70CE003DB863 /* Extensions */ = {
			isa = PBXGroup;
			children = (
				7BB652512B1F70EA003DB863 /* UIColor + Extensions.swift */,
				7BB652882B20C05C003DB863 /* UIButton + Extensions.swift */,
				7BB652862B2095A8003DB863 /* UIView + Extensions.swift */,
				7BB6528A2B21E08E003DB863 /* UILabel + Extensions.swift */,
				7BB6529B2B23370D003DB863 /* UIImage + Extensions.swift */,
				7BB652BF2B24B1BD003DB863 /* UITabBarController + Extensions.swift */,
				7BB6528F2B2215CD003DB863 /* UINavigationController + Extensions.swift */,
			);
			path = Extensions;
			sourceTree = "<group>";
		};
		7BB652552B1FB8B5003DB863 /* CatalogViewController */ = {
			isa = PBXGroup;
			children = (
				7BB652532B1FB8B2003DB863 /* CatalogViewController.swift */,
				7BB652782B208521003DB863 /* CatalogPresenter.swift */,
				7BB652762B208512003DB863 /* CatalogBuilder.swift */,
				7BB6528C2B21E57B003DB863 /* Custom */,
				7BB652E82B29B0EE003DB863 /* CarDetailsViewController */,
			);
			path = CatalogViewController;
			sourceTree = "<group>";
		};
		7BB652802B209209003DB863 /* Enums */ = {
			isa = PBXGroup;
			children = (
				7BB6527E2B2091FC003DB863 /* BodyType.swift */,
				7BB652822B20924B003DB863 /* EngineType.swift */,
				7BB652912B22740F003DB863 /* AnnouncementStatus.swift */,
				7BB652842B209304003DB863 /* SellStatus.swift */,
				7BB652C22B25EAD8003DB863 /* Position.swift */,
				7B7153082B2E052D0056B305 /* CarDetailsSection.swift */,
			);
			path = Enums;
			sourceTree = "<group>";
		};
		7BB652812B209211003DB863 /* Common */ = {
			isa = PBXGroup;
			children = (
				7BB652802B209209003DB863 /* Enums */,
				7BB652502B1F70CE003DB863 /* Extensions */,
			);
			path = Common;
			sourceTree = "<group>";
		};
		7BB6528C2B21E57B003DB863 /* Custom */ = {
			isa = PBXGroup;
			children = (
				7BB652BB2B24913F003DB863 /* CarTableViewCell */,
				7BB652BC2B249150003DB863 /* CarImagesCollectionView */,
				7BB652BA2B249128003DB863 /* BuyButton */,
				7BB652B52B2381A0003DB863 /* IconView */,
			);
			path = Custom;
			sourceTree = "<group>";
		};
		7BB652B52B2381A0003DB863 /* IconView */ = {
			isa = PBXGroup;
			children = (
				7BB6529F2B23418E003DB863 /* IconView.swift */,
				7BB652B32B237EC4003DB863 /* IconViewConfiguration.swift */,
				7BB652B12B2360A2003DB863 /* IconViewBuilder.swift */,
			);
			path = IconView;
			sourceTree = "<group>";
		};
		7BB652BA2B249128003DB863 /* BuyButton */ = {
			isa = PBXGroup;
			children = (
				7BB652B62B24794D003DB863 /* BuyButton.swift */,
				7BB652C42B261189003DB863 /* IconButton.swift */,
				7BB652C62B261EEA003DB863 /* IconTextButton.swift */,
			);
			path = BuyButton;
			sourceTree = "<group>";
		};
		7BB652BB2B24913F003DB863 /* CarTableViewCell */ = {
			isa = PBXGroup;
			children = (
				7BB6527A2B20919C003DB863 /* CarTableViewCell.swift */,
			);
			path = CarTableViewCell;
			sourceTree = "<group>";
		};
		7BB652BC2B249150003DB863 /* CarImagesCollectionView */ = {
			isa = PBXGroup;
			children = (
				7BB6528D2B21E654003DB863 /* CarImagesCollectionView.swift */,
				7BB652BD2B24917E003DB863 /* CarImagesCollectionViewCell.swift */,
			);
			path = CarImagesCollectionView;
			sourceTree = "<group>";
		};
		7BB652E82B29B0EE003DB863 /* CarDetailsViewController */ = {
			isa = PBXGroup;
			children = (
				7BB652E92B29B119003DB863 /* CarDetailsViewController.swift */,
				7BB652EB2B2BAC01003DB863 /* CarDetailsPresenter.swift */,
				7BB652ED2B2BB002003DB863 /* CarDetailsBuilder.swift */,
				7BB652EF2B2CEB11003DB863 /* Custom */,
			);
			path = CarDetailsViewController;
			sourceTree = "<group>";
		};
		7BB652EF2B2CEB11003DB863 /* Custom */ = {
			isa = PBXGroup;
			children = (
				7BB652F12B2CEE54003DB863 /* CarDetailsTableViewCell.swift */,
				7B71530A2B2E4F650056B305 /* CarDetailsCollectionView.swift */,
				7B71530C2B2E4FD20056B305 /* CarDetailsCollectionViewCell.swift */,
				7B71530F2B30A9E10056B305 /* BuyImageButton.swift */,
				7B7153342B30CB820056B305 /* TopImageButton.swift */,
			);
			path = Custom;
			sourceTree = "<group>";
		};
/* End PBXGroup section */

/* Begin PBXNativeTarget section */
		7BB651F82B1E0C39003DB863 /* AVBY */ = {
			isa = PBXNativeTarget;
			buildConfigurationList = 7BB6520D2B1E0C3A003DB863 /* Build configuration list for PBXNativeTarget "AVBY" */;
			buildPhases = (
				7BB651F52B1E0C39003DB863 /* Sources */,
				7BB651F62B1E0C39003DB863 /* Frameworks */,
				7BB651F72B1E0C39003DB863 /* Resources */,
			);
			buildRules = (
			);
			dependencies = (
			);
			name = AVBY;
			productName = AVBY;
			productReference = 7BB651F92B1E0C39003DB863 /* AVBY.app */;
			productType = "com.apple.product-type.application";
		};
/* End PBXNativeTarget section */

/* Begin PBXProject section */
		7BB651F12B1E0C39003DB863 /* Project object */ = {
			isa = PBXProject;
			attributes = {
				BuildIndependentTargetsInParallel = 1;
				LastSwiftUpdateCheck = 1500;
				LastUpgradeCheck = 1500;
				TargetAttributes = {
					7BB651F82B1E0C39003DB863 = {
						CreatedOnToolsVersion = 15.0;
					};
				};
			};
			buildConfigurationList = 7BB651F42B1E0C39003DB863 /* Build configuration list for PBXProject "AVBY" */;
			compatibilityVersion = "Xcode 14.0";
			developmentRegion = en;
			hasScannedForEncodings = 0;
			knownRegions = (
				en,
				Base,
			);
			mainGroup = 7BB651F02B1E0C39003DB863;
			productRefGroup = 7BB651FA2B1E0C39003DB863 /* Products */;
			projectDirPath = "";
			projectRoot = "";
			targets = (
				7BB651F82B1E0C39003DB863 /* AVBY */,
			);
		};
/* End PBXProject section */

/* Begin PBXResourcesBuildPhase section */
		7BB651F72B1E0C39003DB863 /* Resources */ = {
			isa = PBXResourcesBuildPhase;
			buildActionMask = 2147483647;
			files = (
				7BB652092B1E0C3A003DB863 /* LaunchScreen.storyboard in Resources */,
				7BB652062B1E0C3A003DB863 /* Assets.xcassets in Resources */,
				7BB652042B1E0C39003DB863 /* Main.storyboard in Resources */,
			);
			runOnlyForDeploymentPostprocessing = 0;
		};
/* End PBXResourcesBuildPhase section */

/* Begin PBXSourcesBuildPhase section */
		7BB651F52B1E0C39003DB863 /* Sources */ = {
			isa = PBXSourcesBuildPhase;
			buildActionMask = 2147483647;
			files = (
				7BB652C52B261189003DB863 /* IconButton.swift in Sources */,
				7BB652432B1F693C003DB863 /* Icons.swift in Sources */,
				7BB6524B2B1F6B85003DB863 /* OtherViewController.swift in Sources */,
				7BB652542B1FB8B2003DB863 /* CatalogViewController.swift in Sources */,
				7BB652EA2B29B119003DB863 /* CarDetailsViewController.swift in Sources */,
				7B7153092B2E052D0056B305 /* CarDetailsSection.swift in Sources */,
				7B7153352B30CB820056B305 /* TopImageButton.swift in Sources */,
				7BB652012B1E0C39003DB863 /* SearchViewController.swift in Sources */,
				7BB652492B1F6B77003DB863 /* DialogViewController.swift in Sources */,
				7BB652F22B2CEE54003DB863 /* CarDetailsTableViewCell.swift in Sources */,
				7BB652772B208512003DB863 /* CatalogBuilder.swift in Sources */,
				7BB652372B1E5C1B003DB863 /* TabBarController.swift in Sources */,
				7BB652872B2095A8003DB863 /* UIView + Extensions.swift in Sources */,
				7BB6523E2B1E5E36003DB863 /* SearchPresenter.swift in Sources */,
				7BB652B42B237EC4003DB863 /* IconViewConfiguration.swift in Sources */,
				7B7153102B30A9E10056B305 /* BuyImageButton.swift in Sources */,
				7BB652EE2B2BB002003DB863 /* CarDetailsBuilder.swift in Sources */,
				7BB652832B20924B003DB863 /* EngineType.swift in Sources */,
				7BB652A32B23418E003DB863 /* IconView.swift in Sources */,
				7BB652902B2215CD003DB863 /* UINavigationController + Extensions.swift in Sources */,
				7BB652C02B24B1BD003DB863 /* UITabBarController + Extensions.swift in Sources */,
				7BB652792B208521003DB863 /* CatalogPresenter.swift in Sources */,
				7BB652C72B261EEA003DB863 /* IconTextButton.swift in Sources */,
				7B71530B2B2E4F650056B305 /* CarDetailsCollectionView.swift in Sources */,
				7BB652B22B2360A2003DB863 /* IconViewBuilder.swift in Sources */,
				7BB6528E2B21E655003DB863 /* CarImagesCollectionView.swift in Sources */,
				7BB652892B20C05C003DB863 /* UIButton + Extensions.swift in Sources */,
				7BB6527F2B2091FC003DB863 /* BodyType.swift in Sources */,
				7B71530D2B2E4FD20056B305 /* CarDetailsCollectionViewCell.swift in Sources */,
				7BB652852B209304003DB863 /* SellStatus.swift in Sources */,
				7BB652452B1F6B51003DB863 /* FavouriteViewController.swift in Sources */,
				7BB6527B2B20919C003DB863 /* CarTableViewCell.swift in Sources */,
				7BB6529C2B23370D003DB863 /* UIImage + Extensions.swift in Sources */,
				7BB652B72B24794D003DB863 /* BuyButton.swift in Sources */,
				7BB651FD2B1E0C39003DB863 /* AppDelegate.swift in Sources */,
				7BB6527D2B2091D6003DB863 /* Car.swift in Sources */,
				7BB651FF2B1E0C39003DB863 /* SceneDelegate.swift in Sources */,
				7BB652C32B25EAD8003DB863 /* Position.swift in Sources */,
				7BB652BE2B24917F003DB863 /* CarImagesCollectionViewCell.swift in Sources */,
				7BB652522B1F70EA003DB863 /* UIColor + Extensions.swift in Sources */,
				7BB652922B22740F003DB863 /* AnnouncementStatus.swift in Sources */,
				7BB6528B2B21E08E003DB863 /* UILabel + Extensions.swift in Sources */,
				7BB652472B1F6B63003DB863 /* AnnouncementViewController.swift in Sources */,
				7BB652402B1E5E43003DB863 /* SearchBuilder.swift in Sources */,
				7BB652EC2B2BAC01003DB863 /* CarDetailsPresenter.swift in Sources */,
			);
			runOnlyForDeploymentPostprocessing = 0;
		};
/* End PBXSourcesBuildPhase section */

/* Begin PBXVariantGroup section */
		7BB652022B1E0C39003DB863 /* Main.storyboard */ = {
			isa = PBXVariantGroup;
			children = (
				7BB652032B1E0C39003DB863 /* Base */,
			);
			name = Main.storyboard;
			sourceTree = "<group>";
		};
		7BB652072B1E0C3A003DB863 /* LaunchScreen.storyboard */ = {
			isa = PBXVariantGroup;
			children = (
				7BB652082B1E0C3A003DB863 /* Base */,
			);
			name = LaunchScreen.storyboard;
			sourceTree = "<group>";
		};
/* End PBXVariantGroup section */

/* Begin XCBuildConfiguration section */
		7BB6520B2B1E0C3A003DB863 /* Debug */ = {
			isa = XCBuildConfiguration;
			buildSettings = {
				ALWAYS_SEARCH_USER_PATHS = NO;
				ASSETCATALOG_COMPILER_GENERATE_SWIFT_ASSET_SYMBOL_EXTENSIONS = YES;
				CLANG_ANALYZER_NONNULL = YES;
				CLANG_ANALYZER_NUMBER_OBJECT_CONVERSION = YES_AGGRESSIVE;
				CLANG_CXX_LANGUAGE_STANDARD = "gnu++20";
				CLANG_ENABLE_MODULES = YES;
				CLANG_ENABLE_OBJC_ARC = YES;
				CLANG_ENABLE_OBJC_WEAK = YES;
				CLANG_WARN_BLOCK_CAPTURE_AUTORELEASING = YES;
				CLANG_WARN_BOOL_CONVERSION = YES;
				CLANG_WARN_COMMA = YES;
				CLANG_WARN_CONSTANT_CONVERSION = YES;
				CLANG_WARN_DEPRECATED_OBJC_IMPLEMENTATIONS = YES;
				CLANG_WARN_DIRECT_OBJC_ISA_USAGE = YES_ERROR;
				CLANG_WARN_DOCUMENTATION_COMMENTS = YES;
				CLANG_WARN_EMPTY_BODY = YES;
				CLANG_WARN_ENUM_CONVERSION = YES;
				CLANG_WARN_INFINITE_RECURSION = YES;
				CLANG_WARN_INT_CONVERSION = YES;
				CLANG_WARN_NON_LITERAL_NULL_CONVERSION = YES;
				CLANG_WARN_OBJC_IMPLICIT_RETAIN_SELF = YES;
				CLANG_WARN_OBJC_LITERAL_CONVERSION = YES;
				CLANG_WARN_OBJC_ROOT_CLASS = YES_ERROR;
				CLANG_WARN_QUOTED_INCLUDE_IN_FRAMEWORK_HEADER = YES;
				CLANG_WARN_RANGE_LOOP_ANALYSIS = YES;
				CLANG_WARN_STRICT_PROTOTYPES = YES;
				CLANG_WARN_SUSPICIOUS_MOVE = YES;
				CLANG_WARN_UNGUARDED_AVAILABILITY = YES_AGGRESSIVE;
				CLANG_WARN_UNREACHABLE_CODE = YES;
				CLANG_WARN__DUPLICATE_METHOD_MATCH = YES;
				COPY_PHASE_STRIP = NO;
				DEBUG_INFORMATION_FORMAT = dwarf;
				ENABLE_STRICT_OBJC_MSGSEND = YES;
				ENABLE_TESTABILITY = YES;
				ENABLE_USER_SCRIPT_SANDBOXING = YES;
				GCC_C_LANGUAGE_STANDARD = gnu17;
				GCC_DYNAMIC_NO_PIC = NO;
				GCC_NO_COMMON_BLOCKS = YES;
				GCC_OPTIMIZATION_LEVEL = 0;
				GCC_PREPROCESSOR_DEFINITIONS = (
					"DEBUG=1",
					"$(inherited)",
				);
				GCC_WARN_64_TO_32_BIT_CONVERSION = YES;
				GCC_WARN_ABOUT_RETURN_TYPE = YES_ERROR;
				GCC_WARN_UNDECLARED_SELECTOR = YES;
				GCC_WARN_UNINITIALIZED_AUTOS = YES_AGGRESSIVE;
				GCC_WARN_UNUSED_FUNCTION = YES;
				GCC_WARN_UNUSED_VARIABLE = YES;
				IPHONEOS_DEPLOYMENT_TARGET = 17.0;
				LOCALIZATION_PREFERS_STRING_CATALOGS = YES;
				MTL_ENABLE_DEBUG_INFO = INCLUDE_SOURCE;
				MTL_FAST_MATH = YES;
				ONLY_ACTIVE_ARCH = YES;
				SDKROOT = iphoneos;
				SWIFT_ACTIVE_COMPILATION_CONDITIONS = "DEBUG $(inherited)";
				SWIFT_OPTIMIZATION_LEVEL = "-Onone";
			};
			name = Debug;
		};
		7BB6520C2B1E0C3A003DB863 /* Release */ = {
			isa = XCBuildConfiguration;
			buildSettings = {
				ALWAYS_SEARCH_USER_PATHS = NO;
				ASSETCATALOG_COMPILER_GENERATE_SWIFT_ASSET_SYMBOL_EXTENSIONS = YES;
				CLANG_ANALYZER_NONNULL = YES;
				CLANG_ANALYZER_NUMBER_OBJECT_CONVERSION = YES_AGGRESSIVE;
				CLANG_CXX_LANGUAGE_STANDARD = "gnu++20";
				CLANG_ENABLE_MODULES = YES;
				CLANG_ENABLE_OBJC_ARC = YES;
				CLANG_ENABLE_OBJC_WEAK = YES;
				CLANG_WARN_BLOCK_CAPTURE_AUTORELEASING = YES;
				CLANG_WARN_BOOL_CONVERSION = YES;
				CLANG_WARN_COMMA = YES;
				CLANG_WARN_CONSTANT_CONVERSION = YES;
				CLANG_WARN_DEPRECATED_OBJC_IMPLEMENTATIONS = YES;
				CLANG_WARN_DIRECT_OBJC_ISA_USAGE = YES_ERROR;
				CLANG_WARN_DOCUMENTATION_COMMENTS = YES;
				CLANG_WARN_EMPTY_BODY = YES;
				CLANG_WARN_ENUM_CONVERSION = YES;
				CLANG_WARN_INFINITE_RECURSION = YES;
				CLANG_WARN_INT_CONVERSION = YES;
				CLANG_WARN_NON_LITERAL_NULL_CONVERSION = YES;
				CLANG_WARN_OBJC_IMPLICIT_RETAIN_SELF = YES;
				CLANG_WARN_OBJC_LITERAL_CONVERSION = YES;
				CLANG_WARN_OBJC_ROOT_CLASS = YES_ERROR;
				CLANG_WARN_QUOTED_INCLUDE_IN_FRAMEWORK_HEADER = YES;
				CLANG_WARN_RANGE_LOOP_ANALYSIS = YES;
				CLANG_WARN_STRICT_PROTOTYPES = YES;
				CLANG_WARN_SUSPICIOUS_MOVE = YES;
				CLANG_WARN_UNGUARDED_AVAILABILITY = YES_AGGRESSIVE;
				CLANG_WARN_UNREACHABLE_CODE = YES;
				CLANG_WARN__DUPLICATE_METHOD_MATCH = YES;
				COPY_PHASE_STRIP = NO;
				DEBUG_INFORMATION_FORMAT = "dwarf-with-dsym";
				ENABLE_NS_ASSERTIONS = NO;
				ENABLE_STRICT_OBJC_MSGSEND = YES;
				ENABLE_USER_SCRIPT_SANDBOXING = YES;
				GCC_C_LANGUAGE_STANDARD = gnu17;
				GCC_NO_COMMON_BLOCKS = YES;
				GCC_WARN_64_TO_32_BIT_CONVERSION = YES;
				GCC_WARN_ABOUT_RETURN_TYPE = YES_ERROR;
				GCC_WARN_UNDECLARED_SELECTOR = YES;
				GCC_WARN_UNINITIALIZED_AUTOS = YES_AGGRESSIVE;
				GCC_WARN_UNUSED_FUNCTION = YES;
				GCC_WARN_UNUSED_VARIABLE = YES;
				IPHONEOS_DEPLOYMENT_TARGET = 17.0;
				LOCALIZATION_PREFERS_STRING_CATALOGS = YES;
				MTL_ENABLE_DEBUG_INFO = NO;
				MTL_FAST_MATH = YES;
				SDKROOT = iphoneos;
				SWIFT_COMPILATION_MODE = wholemodule;
				VALIDATE_PRODUCT = YES;
			};
			name = Release;
		};
		7BB6520E2B1E0C3A003DB863 /* Debug */ = {
			isa = XCBuildConfiguration;
			buildSettings = {
				ASSETCATALOG_COMPILER_APPICON_NAME = AppIcon;
				ASSETCATALOG_COMPILER_GLOBAL_ACCENT_COLOR_NAME = AccentColor;
				CODE_SIGN_STYLE = Automatic;
				CURRENT_PROJECT_VERSION = 1;
				DEVELOPMENT_TEAM = SDD6GS4SZP;
				GENERATE_INFOPLIST_FILE = YES;
				INFOPLIST_FILE = AVBY/Info.plist;
				INFOPLIST_KEY_UIApplicationSupportsIndirectInputEvents = YES;
				INFOPLIST_KEY_UILaunchStoryboardName = LaunchScreen;
				INFOPLIST_KEY_UIMainStoryboardFile = Main;
				INFOPLIST_KEY_UISupportedInterfaceOrientations_iPad = "UIInterfaceOrientationPortrait UIInterfaceOrientationPortraitUpsideDown UIInterfaceOrientationLandscapeLeft UIInterfaceOrientationLandscapeRight";
				INFOPLIST_KEY_UISupportedInterfaceOrientations_iPhone = "UIInterfaceOrientationPortrait UIInterfaceOrientationLandscapeLeft UIInterfaceOrientationLandscapeRight";
				LD_RUNPATH_SEARCH_PATHS = (
					"$(inherited)",
					"@executable_path/Frameworks",
				);
				MARKETING_VERSION = 1.0;
				PRODUCT_BUNDLE_IDENTIFIER = iseedeadpeople.AVby;
				PRODUCT_NAME = "$(TARGET_NAME)";
				SWIFT_EMIT_LOC_STRINGS = YES;
				SWIFT_VERSION = 5.0;
				TARGETED_DEVICE_FAMILY = "1,2";
			};
			name = Debug;
		};
		7BB6520F2B1E0C3A003DB863 /* Release */ = {
			isa = XCBuildConfiguration;
			buildSettings = {
				ASSETCATALOG_COMPILER_APPICON_NAME = AppIcon;
				ASSETCATALOG_COMPILER_GLOBAL_ACCENT_COLOR_NAME = AccentColor;
				CODE_SIGN_STYLE = Automatic;
				CURRENT_PROJECT_VERSION = 1;
				DEVELOPMENT_TEAM = SDD6GS4SZP;
				GENERATE_INFOPLIST_FILE = YES;
				INFOPLIST_FILE = AVBY/Info.plist;
				INFOPLIST_KEY_UIApplicationSupportsIndirectInputEvents = YES;
				INFOPLIST_KEY_UILaunchStoryboardName = LaunchScreen;
				INFOPLIST_KEY_UIMainStoryboardFile = Main;
				INFOPLIST_KEY_UISupportedInterfaceOrientations_iPad = "UIInterfaceOrientationPortrait UIInterfaceOrientationPortraitUpsideDown UIInterfaceOrientationLandscapeLeft UIInterfaceOrientationLandscapeRight";
				INFOPLIST_KEY_UISupportedInterfaceOrientations_iPhone = "UIInterfaceOrientationPortrait UIInterfaceOrientationLandscapeLeft UIInterfaceOrientationLandscapeRight";
				LD_RUNPATH_SEARCH_PATHS = (
					"$(inherited)",
					"@executable_path/Frameworks",
				);
				MARKETING_VERSION = 1.0;
				PRODUCT_BUNDLE_IDENTIFIER = iseedeadpeople.AVby;
				PRODUCT_NAME = "$(TARGET_NAME)";
				SWIFT_EMIT_LOC_STRINGS = YES;
				SWIFT_VERSION = 5.0;
				TARGETED_DEVICE_FAMILY = "1,2";
			};
			name = Release;
		};
/* End XCBuildConfiguration section */

/* Begin XCConfigurationList section */
		7BB651F42B1E0C39003DB863 /* Build configuration list for PBXProject "AVBY" */ = {
			isa = XCConfigurationList;
			buildConfigurations = (
				7BB6520B2B1E0C3A003DB863 /* Debug */,
				7BB6520C2B1E0C3A003DB863 /* Release */,
			);
			defaultConfigurationIsVisible = 0;
			defaultConfigurationName = Release;
		};
		7BB6520D2B1E0C3A003DB863 /* Build configuration list for PBXNativeTarget "AVBY" */ = {
			isa = XCConfigurationList;
			buildConfigurations = (
				7BB6520E2B1E0C3A003DB863 /* Debug */,
				7BB6520F2B1E0C3A003DB863 /* Release */,
			);
			defaultConfigurationIsVisible = 0;
			defaultConfigurationName = Release;
		};
/* End XCConfigurationList section */
	};
	rootObject = 7BB651F12B1E0C39003DB863 /* Project object */;
}
